// !$*UTF8*$!
{
	archiveVersion = 1;
	classes = {
	};
	objectVersion = 55;
	objects = {

/* Begin PBXBuildFile section */
		07FDBBF0281A367B00377CAF /* Columbus_DigitalApp.swift in Sources */ = {isa = PBXBuildFile; fileRef = 07FDBBEF281A367B00377CAF /* Columbus_DigitalApp.swift */; };
		07FDBBF2281A367B00377CAF /* ContentViewOne.swift in Sources */ = {isa = PBXBuildFile; fileRef = 07FDBBF1281A367B00377CAF /* ContentViewOne.swift */; };
		07FDBBF4281A367D00377CAF /* Assets.xcassets in Resources */ = {isa = PBXBuildFile; fileRef = 07FDBBF3281A367D00377CAF /* Assets.xcassets */; };
		07FDBBF7281A367D00377CAF /* Preview Assets.xcassets in Resources */ = {isa = PBXBuildFile; fileRef = 07FDBBF6281A367D00377CAF /* Preview Assets.xcassets */; };
		07FDBBF9281A367D00377CAF /* Persistence.swift in Sources */ = {isa = PBXBuildFile; fileRef = 07FDBBF8281A367D00377CAF /* Persistence.swift */; };
		07FDBBFC281A367D00377CAF /* Columbus_Digital.xcdatamodeld in Sources */ = {isa = PBXBuildFile; fileRef = 07FDBBFA281A367D00377CAF /* Columbus_Digital.xcdatamodeld */; };
		07FDBC06281A367D00377CAF /* Columbus_DigitalTests.swift in Sources */ = {isa = PBXBuildFile; fileRef = 07FDBC05281A367D00377CAF /* Columbus_DigitalTests.swift */; };
		07FDBC10281A367D00377CAF /* Columbus_DigitalUITests.swift in Sources */ = {isa = PBXBuildFile; fileRef = 07FDBC0F281A367D00377CAF /* Columbus_DigitalUITests.swift */; };
		07FDBC12281A367D00377CAF /* Columbus_DigitalUITestsLaunchTests.swift in Sources */ = {isa = PBXBuildFile; fileRef = 07FDBC11281A367D00377CAF /* Columbus_DigitalUITestsLaunchTests.swift */; };
		07FDBC1F281B5E4700377CAF /* MainView.swift in Sources */ = {isa = PBXBuildFile; fileRef = 07FDBC1E281B5E4700377CAF /* MainView.swift */; };
		07FDBC22281B5EBA00377CAF /* AddContactView.swift in Sources */ = {isa = PBXBuildFile; fileRef = 07FDBC21281B5EBA00377CAF /* AddContactView.swift */; };
		07FDBC24281B5ED500377CAF /* ContactListView.swift in Sources */ = {isa = PBXBuildFile; fileRef = 07FDBC23281B5ED500377CAF /* ContactListView.swift */; };
		07FDBC26281B5F0000377CAF /* ContactInformationView.swift in Sources */ = {isa = PBXBuildFile; fileRef = 07FDBC25281B5F0000377CAF /* ContactInformationView.swift */; };
		07FDBC28281B5FE100377CAF /* EditContactView.swift in Sources */ = {isa = PBXBuildFile; fileRef = 07FDBC27281B5FE100377CAF /* EditContactView.swift */; };
		07FDBC2A281B64D900377CAF /* ContentView.swift in Sources */ = {isa = PBXBuildFile; fileRef = 07FDBC29281B64D900377CAF /* ContentView.swift */; };
		07FDBC2C281B652F00377CAF /* SplashView.swift in Sources */ = {isa = PBXBuildFile; fileRef = 07FDBC2B281B652F00377CAF /* SplashView.swift */; };
/* End PBXBuildFile section */

/* Begin PBXContainerItemProxy section */
		07FDBC02281A367D00377CAF /* PBXContainerItemProxy */ = {
			isa = PBXContainerItemProxy;
			containerPortal = 07FDBBE4281A367B00377CAF /* Project object */;
			proxyType = 1;
			remoteGlobalIDString = 07FDBBEB281A367B00377CAF;
			remoteInfo = "Columbus Digital";
		};
		07FDBC0C281A367D00377CAF /* PBXContainerItemProxy */ = {
			isa = PBXContainerItemProxy;
			containerPortal = 07FDBBE4281A367B00377CAF /* Project object */;
			proxyType = 1;
			remoteGlobalIDString = 07FDBBEB281A367B00377CAF;
			remoteInfo = "Columbus Digital";
		};
/* End PBXContainerItemProxy section */

/* Begin PBXFileReference section */
		07FDBBEC281A367B00377CAF /* Columbus Digital.app */ = {isa = PBXFileReference; explicitFileType = wrapper.application; includeInIndex = 0; path = "Columbus Digital.app"; sourceTree = BUILT_PRODUCTS_DIR; };
		07FDBBEF281A367B00377CAF /* Columbus_DigitalApp.swift */ = {isa = PBXFileReference; lastKnownFileType = sourcecode.swift; path = Columbus_DigitalApp.swift; sourceTree = "<group>"; };
		07FDBBF1281A367B00377CAF /* ContentViewOne.swift */ = {isa = PBXFileReference; lastKnownFileType = sourcecode.swift; path = ContentViewOne.swift; sourceTree = "<group>"; };
		07FDBBF3281A367D00377CAF /* Assets.xcassets */ = {isa = PBXFileReference; lastKnownFileType = folder.assetcatalog; path = Assets.xcassets; sourceTree = "<group>"; };
		07FDBBF6281A367D00377CAF /* Preview Assets.xcassets */ = {isa = PBXFileReference; lastKnownFileType = folder.assetcatalog; path = "Preview Assets.xcassets"; sourceTree = "<group>"; };
		07FDBBF8281A367D00377CAF /* Persistence.swift */ = {isa = PBXFileReference; lastKnownFileType = sourcecode.swift; path = Persistence.swift; sourceTree = "<group>"; };
		07FDBBFB281A367D00377CAF /* Columbus_Digital.xcdatamodel */ = {isa = PBXFileReference; lastKnownFileType = wrapper.xcdatamodel; path = Columbus_Digital.xcdatamodel; sourceTree = "<group>"; };
		07FDBC01281A367D00377CAF /* Columbus DigitalTests.xctest */ = {isa = PBXFileReference; explicitFileType = wrapper.cfbundle; includeInIndex = 0; path = "Columbus DigitalTests.xctest"; sourceTree = BUILT_PRODUCTS_DIR; };
		07FDBC05281A367D00377CAF /* Columbus_DigitalTests.swift */ = {isa = PBXFileReference; lastKnownFileType = sourcecode.swift; path = Columbus_DigitalTests.swift; sourceTree = "<group>"; };
		07FDBC0B281A367D00377CAF /* Columbus DigitalUITests.xctest */ = {isa = PBXFileReference; explicitFileType = wrapper.cfbundle; includeInIndex = 0; path = "Columbus DigitalUITests.xctest"; sourceTree = BUILT_PRODUCTS_DIR; };
		07FDBC0F281A367D00377CAF /* Columbus_DigitalUITests.swift */ = {isa = PBXFileReference; lastKnownFileType = sourcecode.swift; path = Columbus_DigitalUITests.swift; sourceTree = "<group>"; };
		07FDBC11281A367D00377CAF /* Columbus_DigitalUITestsLaunchTests.swift */ = {isa = PBXFileReference; lastKnownFileType = sourcecode.swift; path = Columbus_DigitalUITestsLaunchTests.swift; sourceTree = "<group>"; };
		07FDBC1E281B5E4700377CAF /* MainView.swift */ = {isa = PBXFileReference; lastKnownFileType = sourcecode.swift; path = MainView.swift; sourceTree = "<group>"; };
		07FDBC21281B5EBA00377CAF /* AddContactView.swift */ = {isa = PBXFileReference; lastKnownFileType = sourcecode.swift; path = AddContactView.swift; sourceTree = "<group>"; };
		07FDBC23281B5ED500377CAF /* ContactListView.swift */ = {isa = PBXFileReference; lastKnownFileType = sourcecode.swift; path = ContactListView.swift; sourceTree = "<group>"; };
		07FDBC25281B5F0000377CAF /* ContactInformationView.swift */ = {isa = PBXFileReference; lastKnownFileType = sourcecode.swift; path = ContactInformationView.swift; sourceTree = "<group>"; };
		07FDBC27281B5FE100377CAF /* EditContactView.swift */ = {isa = PBXFileReference; lastKnownFileType = sourcecode.swift; path = EditContactView.swift; sourceTree = "<group>"; };
		07FDBC29281B64D900377CAF /* ContentView.swift */ = {isa = PBXFileReference; lastKnownFileType = sourcecode.swift; path = ContentView.swift; sourceTree = "<group>"; };
		07FDBC2B281B652F00377CAF /* SplashView.swift */ = {isa = PBXFileReference; lastKnownFileType = sourcecode.swift; path = SplashView.swift; sourceTree = "<group>"; };
/* End PBXFileReference section */

/* Begin PBXFrameworksBuildPhase section */
		07FDBBE9281A367B00377CAF /* Frameworks */ = {
			isa = PBXFrameworksBuildPhase;
			buildActionMask = 2147483647;
			files = (
			);
			runOnlyForDeploymentPostprocessing = 0;
		};
		07FDBBFE281A367D00377CAF /* Frameworks */ = {
			isa = PBXFrameworksBuildPhase;
			buildActionMask = 2147483647;
			files = (
			);
			runOnlyForDeploymentPostprocessing = 0;
		};
		07FDBC08281A367D00377CAF /* Frameworks */ = {
			isa = PBXFrameworksBuildPhase;
			buildActionMask = 2147483647;
			files = (
			);
			runOnlyForDeploymentPostprocessing = 0;
		};
/* End PBXFrameworksBuildPhase section */

/* Begin PBXGroup section */
		07FDBBE3281A367B00377CAF = {
			isa = PBXGroup;
			children = (
				07FDBBEE281A367B00377CAF /* Columbus Digital */,
				07FDBC04281A367D00377CAF /* Columbus DigitalTests */,
				07FDBC0E281A367D00377CAF /* Columbus DigitalUITests */,
				07FDBBED281A367B00377CAF /* Products */,
			);
			sourceTree = "<group>";
		};
		07FDBBED281A367B00377CAF /* Products */ = {
			isa = PBXGroup;
			children = (
				07FDBBEC281A367B00377CAF /* Columbus Digital.app */,
				07FDBC01281A367D00377CAF /* Columbus DigitalTests.xctest */,
				07FDBC0B281A367D00377CAF /* Columbus DigitalUITests.xctest */,
			);
			name = Products;
			sourceTree = "<group>";
		};
		07FDBBEE281A367B00377CAF /* Columbus Digital */ = {
			isa = PBXGroup;
			children = (
				07FDBBEF281A367B00377CAF /* Columbus_DigitalApp.swift */,
				07FDBC20281B5E9D00377CAF /* View */,
				07FDBBF1281A367B00377CAF /* ContentViewOne.swift */,
				07FDBBF3281A367D00377CAF /* Assets.xcassets */,
				07FDBBF8281A367D00377CAF /* Persistence.swift */,
				07FDBBFA281A367D00377CAF /* Columbus_Digital.xcdatamodeld */,
				07FDBBF5281A367D00377CAF /* Preview Content */,
			);
			path = "Columbus Digital";
			sourceTree = "<group>";
		};
		07FDBBF5281A367D00377CAF /* Preview Content */ = {
			isa = PBXGroup;
			children = (
				07FDBBF6281A367D00377CAF /* Preview Assets.xcassets */,
			);
			path = "Preview Content";
			sourceTree = "<group>";
		};
		07FDBC04281A367D00377CAF /* Columbus DigitalTests */ = {
			isa = PBXGroup;
			children = (
				07FDBC05281A367D00377CAF /* Columbus_DigitalTests.swift */,
			);
			path = "Columbus DigitalTests";
			sourceTree = "<group>";
		};
		07FDBC0E281A367D00377CAF /* Columbus DigitalUITests */ = {
			isa = PBXGroup;
			children = (
				07FDBC0F281A367D00377CAF /* Columbus_DigitalUITests.swift */,
				07FDBC11281A367D00377CAF /* Columbus_DigitalUITestsLaunchTests.swift */,
			);
			path = "Columbus DigitalUITests";
			sourceTree = "<group>";
		};
		07FDBC20281B5E9D00377CAF /* View */ = {
			isa = PBXGroup;
			children = (
				07FDBC1E281B5E4700377CAF /* MainView.swift */,
				07FDBC21281B5EBA00377CAF /* AddContactView.swift */,
				07FDBC23281B5ED500377CAF /* ContactListView.swift */,
				07FDBC25281B5F0000377CAF /* ContactInformationView.swift */,
				07FDBC27281B5FE100377CAF /* EditContactView.swift */,
				07FDBC29281B64D900377CAF /* ContentView.swift */,
				07FDBC2B281B652F00377CAF /* SplashView.swift */,
			);
			path = View;
			sourceTree = "<group>";
		};
/* End PBXGroup section */

/* Begin PBXNativeTarget section */
		07FDBBEB281A367B00377CAF /* Columbus Digital */ = {
			isa = PBXNativeTarget;
			buildConfigurationList = 07FDBC15281A367D00377CAF /* Build configuration list for PBXNativeTarget "Columbus Digital" */;
			buildPhases = (
				07FDBBE8281A367B00377CAF /* Sources */,
				07FDBBE9281A367B00377CAF /* Frameworks */,
				07FDBBEA281A367B00377CAF /* Resources */,
			);
			buildRules = (
			);
			dependencies = (
			);
			name = "Columbus Digital";
			productName = "Columbus Digital";
			productReference = 07FDBBEC281A367B00377CAF /* Columbus Digital.app */;
			productType = "com.apple.product-type.application";
		};
		07FDBC00281A367D00377CAF /* Columbus DigitalTests */ = {
			isa = PBXNativeTarget;
			buildConfigurationList = 07FDBC18281A367D00377CAF /* Build configuration list for PBXNativeTarget "Columbus DigitalTests" */;
			buildPhases = (
				07FDBBFD281A367D00377CAF /* Sources */,
				07FDBBFE281A367D00377CAF /* Frameworks */,
				07FDBBFF281A367D00377CAF /* Resources */,
			);
			buildRules = (
			);
			dependencies = (
				07FDBC03281A367D00377CAF /* PBXTargetDependency */,
			);
			name = "Columbus DigitalTests";
			productName = "Columbus DigitalTests";
			productReference = 07FDBC01281A367D00377CAF /* Columbus DigitalTests.xctest */;
			productType = "com.apple.product-type.bundle.unit-test";
		};
		07FDBC0A281A367D00377CAF /* Columbus DigitalUITests */ = {
			isa = PBXNativeTarget;
			buildConfigurationList = 07FDBC1B281A367D00377CAF /* Build configuration list for PBXNativeTarget "Columbus DigitalUITests" */;
			buildPhases = (
				07FDBC07281A367D00377CAF /* Sources */,
				07FDBC08281A367D00377CAF /* Frameworks */,
				07FDBC09281A367D00377CAF /* Resources */,
			);
			buildRules = (
			);
			dependencies = (
				07FDBC0D281A367D00377CAF /* PBXTargetDependency */,
			);
			name = "Columbus DigitalUITests";
			productName = "Columbus DigitalUITests";
			productReference = 07FDBC0B281A367D00377CAF /* Columbus DigitalUITests.xctest */;
			productType = "com.apple.product-type.bundle.ui-testing";
		};
/* End PBXNativeTarget section */

/* Begin PBXProject section */
		07FDBBE4281A367B00377CAF /* Project object */ = {
			isa = PBXProject;
			attributes = {
				BuildIndependentTargetsInParallel = 1;
				LastSwiftUpdateCheck = 1320;
				LastUpgradeCheck = 1320;
				TargetAttributes = {
					07FDBBEB281A367B00377CAF = {
						CreatedOnToolsVersion = 13.2.1;
					};
					07FDBC00281A367D00377CAF = {
						CreatedOnToolsVersion = 13.2.1;
						TestTargetID = 07FDBBEB281A367B00377CAF;
					};
					07FDBC0A281A367D00377CAF = {
						CreatedOnToolsVersion = 13.2.1;
						TestTargetID = 07FDBBEB281A367B00377CAF;
					};
				};
			};
			buildConfigurationList = 07FDBBE7281A367B00377CAF /* Build configuration list for PBXProject "Columbus Digital" */;
			compatibilityVersion = "Xcode 13.0";
			developmentRegion = en;
			hasScannedForEncodings = 0;
			knownRegions = (
				en,
				Base,
			);
			mainGroup = 07FDBBE3281A367B00377CAF;
			productRefGroup = 07FDBBED281A367B00377CAF /* Products */;
			projectDirPath = "";
			projectRoot = "";
			targets = (
				07FDBBEB281A367B00377CAF /* Columbus Digital */,
				07FDBC00281A367D00377CAF /* Columbus DigitalTests */,
				07FDBC0A281A367D00377CAF /* Columbus DigitalUITests */,
			);
		};
/* End PBXProject section */

/* Begin PBXResourcesBuildPhase section */
		07FDBBEA281A367B00377CAF /* Resources */ = {
			isa = PBXResourcesBuildPhase;
			buildActionMask = 2147483647;
			files = (
				07FDBBF7281A367D00377CAF /* Preview Assets.xcassets in Resources */,
				07FDBBF4281A367D00377CAF /* Assets.xcassets in Resources */,
			);
			runOnlyForDeploymentPostprocessing = 0;
		};
		07FDBBFF281A367D00377CAF /* Resources */ = {
			isa = PBXResourcesBuildPhase;
			buildActionMask = 2147483647;
			files = (
			);
			runOnlyForDeploymentPostprocessing = 0;
		};
		07FDBC09281A367D00377CAF /* Resources */ = {
			isa = PBXResourcesBuildPhase;
			buildActionMask = 2147483647;
			files = (
			);
			runOnlyForDeploymentPostprocessing = 0;
		};
/* End PBXResourcesBuildPhase section */

/* Begin PBXSourcesBuildPhase section */
		07FDBBE8281A367B00377CAF /* Sources */ = {
			isa = PBXSourcesBuildPhase;
			buildActionMask = 2147483647;
			files = (
				07FDBBFC281A367D00377CAF /* Columbus_Digital.xcdatamodeld in Sources */,
				07FDBC2C281B652F00377CAF /* SplashView.swift in Sources */,
				07FDBBF9281A367D00377CAF /* Persistence.swift in Sources */,
				07FDBC28281B5FE100377CAF /* EditContactView.swift in Sources */,
				07FDBBF2281A367B00377CAF /* ContentViewOne.swift in Sources */,
				07FDBC22281B5EBA00377CAF /* AddContactView.swift in Sources */,
				07FDBC26281B5F0000377CAF /* ContactInformationView.swift in Sources */,
				07FDBC2A281B64D900377CAF /* ContentView.swift in Sources */,
				07FDBC1F281B5E4700377CAF /* MainView.swift in Sources */,
				07FDBC24281B5ED500377CAF /* ContactListView.swift in Sources */,
				07FDBBF0281A367B00377CAF /* Columbus_DigitalApp.swift in Sources */,
			);
			runOnlyForDeploymentPostprocessing = 0;
		};
		07FDBBFD281A367D00377CAF /* Sources */ = {
			isa = PBXSourcesBuildPhase;
			buildActionMask = 2147483647;
			files = (
				07FDBC06281A367D00377CAF /* Columbus_DigitalTests.swift in Sources */,
			);
			runOnlyForDeploymentPostprocessing = 0;
		};
		07FDBC07281A367D00377CAF /* Sources */ = {
			isa = PBXSourcesBuildPhase;
			buildActionMask = 2147483647;
			files = (
				07FDBC10281A367D00377CAF /* Columbus_DigitalUITests.swift in Sources */,
				07FDBC12281A367D00377CAF /* Columbus_DigitalUITestsLaunchTests.swift in Sources */,
			);
			runOnlyForDeploymentPostprocessing = 0;
		};
/* End PBXSourcesBuildPhase section */

/* Begin PBXTargetDependency section */
		07FDBC03281A367D00377CAF /* PBXTargetDependency */ = {
			isa = PBXTargetDependency;
			target = 07FDBBEB281A367B00377CAF /* Columbus Digital */;
			targetProxy = 07FDBC02281A367D00377CAF /* PBXContainerItemProxy */;
		};
		07FDBC0D281A367D00377CAF /* PBXTargetDependency */ = {
			isa = PBXTargetDependency;
			target = 07FDBBEB281A367B00377CAF /* Columbus Digital */;
			targetProxy = 07FDBC0C281A367D00377CAF /* PBXContainerItemProxy */;
		};
/* End PBXTargetDependency section */

/* Begin XCBuildConfiguration section */
		07FDBC13281A367D00377CAF /* Debug */ = {
			isa = XCBuildConfiguration;
			buildSettings = {
				ALWAYS_SEARCH_USER_PATHS = NO;
				CLANG_ANALYZER_NONNULL = YES;
				CLANG_ANALYZER_NUMBER_OBJECT_CONVERSION = YES_AGGRESSIVE;
				CLANG_CXX_LANGUAGE_STANDARD = "gnu++17";
				CLANG_CXX_LIBRARY = "libc++";
				CLANG_ENABLE_MODULES = YES;
				CLANG_ENABLE_OBJC_ARC = YES;
				CLANG_ENABLE_OBJC_WEAK = YES;
				CLANG_WARN_BLOCK_CAPTURE_AUTORELEASING = YES;
				CLANG_WARN_BOOL_CONVERSION = YES;
				CLANG_WARN_COMMA = YES;
				CLANG_WARN_CONSTANT_CONVERSION = YES;
				CLANG_WARN_DEPRECATED_OBJC_IMPLEMENTATIONS = YES;
				CLANG_WARN_DIRECT_OBJC_ISA_USAGE = YES_ERROR;
				CLANG_WARN_DOCUMENTATION_COMMENTS = YES;
				CLANG_WARN_EMPTY_BODY = YES;
				CLANG_WARN_ENUM_CONVERSION = YES;
				CLANG_WARN_INFINITE_RECURSION = YES;
				CLANG_WARN_INT_CONVERSION = YES;
				CLANG_WARN_NON_LITERAL_NULL_CONVERSION = YES;
				CLANG_WARN_OBJC_IMPLICIT_RETAIN_SELF = YES;
				CLANG_WARN_OBJC_LITERAL_CONVERSION = YES;
				CLANG_WARN_OBJC_ROOT_CLASS = YES_ERROR;
				CLANG_WARN_QUOTED_INCLUDE_IN_FRAMEWORK_HEADER = YES;
				CLANG_WARN_RANGE_LOOP_ANALYSIS = YES;
				CLANG_WARN_STRICT_PROTOTYPES = YES;
				CLANG_WARN_SUSPICIOUS_MOVE = YES;
				CLANG_WARN_UNGUARDED_AVAILABILITY = YES_AGGRESSIVE;
				CLANG_WARN_UNREACHABLE_CODE = YES;
				CLANG_WARN__DUPLICATE_METHOD_MATCH = YES;
				COPY_PHASE_STRIP = NO;
				DEBUG_INFORMATION_FORMAT = dwarf;
				ENABLE_STRICT_OBJC_MSGSEND = YES;
				ENABLE_TESTABILITY = YES;
				GCC_C_LANGUAGE_STANDARD = gnu11;
				GCC_DYNAMIC_NO_PIC = NO;
				GCC_NO_COMMON_BLOCKS = YES;
				GCC_OPTIMIZATION_LEVEL = 0;
				GCC_PREPROCESSOR_DEFINITIONS = (
					"DEBUG=1",
					"$(inherited)",
				);
				GCC_WARN_64_TO_32_BIT_CONVERSION = YES;
				GCC_WARN_ABOUT_RETURN_TYPE = YES_ERROR;
				GCC_WARN_UNDECLARED_SELECTOR = YES;
				GCC_WARN_UNINITIALIZED_AUTOS = YES_AGGRESSIVE;
				GCC_WARN_UNUSED_FUNCTION = YES;
				GCC_WARN_UNUSED_VARIABLE = YES;
				IPHONEOS_DEPLOYMENT_TARGET = 15.2;
				MTL_ENABLE_DEBUG_INFO = INCLUDE_SOURCE;
				MTL_FAST_MATH = YES;
				ONLY_ACTIVE_ARCH = YES;
				SDKROOT = iphoneos;
				SWIFT_ACTIVE_COMPILATION_CONDITIONS = DEBUG;
				SWIFT_OPTIMIZATION_LEVEL = "-Onone";
			};
			name = Debug;
		};
		07FDBC14281A367D00377CAF /* Release */ = {
			isa = XCBuildConfiguration;
			buildSettings = {
				ALWAYS_SEARCH_USER_PATHS = NO;
				CLANG_ANALYZER_NONNULL = YES;
				CLANG_ANALYZER_NUMBER_OBJECT_CONVERSION = YES_AGGRESSIVE;
				CLANG_CXX_LANGUAGE_STANDARD = "gnu++17";
				CLANG_CXX_LIBRARY = "libc++";
				CLANG_ENABLE_MODULES = YES;
				CLANG_ENABLE_OBJC_ARC = YES;
				CLANG_ENABLE_OBJC_WEAK = YES;
				CLANG_WARN_BLOCK_CAPTURE_AUTORELEASING = YES;
				CLANG_WARN_BOOL_CONVERSION = YES;
				CLANG_WARN_COMMA = YES;
				CLANG_WARN_CONSTANT_CONVERSION = YES;
				CLANG_WARN_DEPRECATED_OBJC_IMPLEMENTATIONS = YES;
				CLANG_WARN_DIRECT_OBJC_ISA_USAGE = YES_ERROR;
				CLANG_WARN_DOCUMENTATION_COMMENTS = YES;
				CLANG_WARN_EMPTY_BODY = YES;
				CLANG_WARN_ENUM_CONVERSION = YES;
				CLANG_WARN_INFINITE_RECURSION = YES;
				CLANG_WARN_INT_CONVERSION = YES;
				CLANG_WARN_NON_LITERAL_NULL_CONVERSION = YES;
				CLANG_WARN_OBJC_IMPLICIT_RETAIN_SELF = YES;
				CLANG_WARN_OBJC_LITERAL_CONVERSION = YES;
				CLANG_WARN_OBJC_ROOT_CLASS = YES_ERROR;
				CLANG_WARN_QUOTED_INCLUDE_IN_FRAMEWORK_HEADER = YES;
				CLANG_WARN_RANGE_LOOP_ANALYSIS = YES;
				CLANG_WARN_STRICT_PROTOTYPES = YES;
				CLANG_WARN_SUSPICIOUS_MOVE = YES;
				CLANG_WARN_UNGUARDED_AVAILABILITY = YES_AGGRESSIVE;
				CLANG_WARN_UNREACHABLE_CODE = YES;
				CLANG_WARN__DUPLICATE_METHOD_MATCH = YES;
				COPY_PHASE_STRIP = NO;
				DEBUG_INFORMATION_FORMAT = "dwarf-with-dsym";
				ENABLE_NS_ASSERTIONS = NO;
				ENABLE_STRICT_OBJC_MSGSEND = YES;
				GCC_C_LANGUAGE_STANDARD = gnu11;
				GCC_NO_COMMON_BLOCKS = YES;
				GCC_WARN_64_TO_32_BIT_CONVERSION = YES;
				GCC_WARN_ABOUT_RETURN_TYPE = YES_ERROR;
				GCC_WARN_UNDECLARED_SELECTOR = YES;
				GCC_WARN_UNINITIALIZED_AUTOS = YES_AGGRESSIVE;
				GCC_WARN_UNUSED_FUNCTION = YES;
				GCC_WARN_UNUSED_VARIABLE = YES;
				IPHONEOS_DEPLOYMENT_TARGET = 15.2;
				MTL_ENABLE_DEBUG_INFO = NO;
				MTL_FAST_MATH = YES;
				SDKROOT = iphoneos;
				SWIFT_COMPILATION_MODE = wholemodule;
				SWIFT_OPTIMIZATION_LEVEL = "-O";
				VALIDATE_PRODUCT = YES;
			};
			name = Release;
		};
		07FDBC16281A367D00377CAF /* Debug */ = {
			isa = XCBuildConfiguration;
			buildSettings = {
				ASSETCATALOG_COMPILER_APPICON_NAME = AppIcon;
				ASSETCATALOG_COMPILER_GLOBAL_ACCENT_COLOR_NAME = AccentColor;
				CODE_SIGN_STYLE = Automatic;
				CURRENT_PROJECT_VERSION = 1;
				DEVELOPMENT_ASSET_PATHS = "\"Columbus Digital/Preview Content\"";
				ENABLE_PREVIEWS = YES;
				GENERATE_INFOPLIST_FILE = YES;
				INFOPLIST_KEY_UIApplicationSceneManifest_Generation = YES;
				INFOPLIST_KEY_UIApplicationSupportsIndirectInputEvents = YES;
				INFOPLIST_KEY_UILaunchScreen_Generation = YES;
				INFOPLIST_KEY_UISupportedInterfaceOrientations_iPad = "UIInterfaceOrientationPortrait UIInterfaceOrientationPortraitUpsideDown UIInterfaceOrientationLandscapeLeft UIInterfaceOrientationLandscapeRight";
				INFOPLIST_KEY_UISupportedInterfaceOrientations_iPhone = "UIInterfaceOrientationPortrait UIInterfaceOrientationLandscapeLeft UIInterfaceOrientationLandscapeRight";
				LD_RUNPATH_SEARCH_PATHS = (
					"$(inherited)",
					"@executable_path/Frameworks",
				);
				MARKETING_VERSION = 1.0;
				PRODUCT_BUNDLE_IDENTIFIER = "Pelcastre.Columbus-Digital";
				PRODUCT_NAME = "$(TARGET_NAME)";
				SWIFT_EMIT_LOC_STRINGS = YES;
				SWIFT_VERSION = 5.0;
				TARGETED_DEVICE_FAMILY = "1,2";
			};
			name = Debug;
		};
		07FDBC17281A367D00377CAF /* Release */ = {
			isa = XCBuildConfiguration;
			buildSettings = {
				ASSETCATALOG_COMPILER_APPICON_NAME = AppIcon;
				ASSETCATALOG_COMPILER_GLOBAL_ACCENT_COLOR_NAME = AccentColor;
				CODE_SIGN_STYLE = Automatic;
				CURRENT_PROJECT_VERSION = 1;
				DEVELOPMENT_ASSET_PATHS = "\"Columbus Digital/Preview Content\"";
				ENABLE_PREVIEWS = YES;
				GENERATE_INFOPLIST_FILE = YES;
				INFOPLIST_KEY_UIApplicationSceneManifest_Generation = YES;
				INFOPLIST_KEY_UIApplicationSupportsIndirectInputEvents = YES;
				INFOPLIST_KEY_UILaunchScreen_Generation = YES;
				INFOPLIST_KEY_UISupportedInterfaceOrientations_iPad = "UIInterfaceOrientationPortrait UIInterfaceOrientationPortraitUpsideDown UIInterfaceOrientationLandscapeLeft UIInterfaceOrientationLandscapeRight";
				INFOPLIST_KEY_UISupportedInterfaceOrientations_iPhone = "UIInterfaceOrientationPortrait UIInterfaceOrientationLandscapeLeft UIInterfaceOrientationLandscapeRight";
				LD_RUNPATH_SEARCH_PATHS = (
					"$(inherited)",
					"@executable_path/Frameworks",
				);
				MARKETING_VERSION = 1.0;
				PRODUCT_BUNDLE_IDENTIFIER = "Pelcastre.Columbus-Digital";
				PRODUCT_NAME = "$(TARGET_NAME)";
				SWIFT_EMIT_LOC_STRINGS = YES;
				SWIFT_VERSION = 5.0;
				TARGETED_DEVICE_FAMILY = "1,2";
			};
			name = Release;
		};
		07FDBC19281A367D00377CAF /* Debug */ = {
			isa = XCBuildConfiguration;
			buildSettings = {
				ALWAYS_EMBED_SWIFT_STANDARD_LIBRARIES = YES;
				BUNDLE_LOADER = "$(TEST_HOST)";
				CODE_SIGN_STYLE = Automatic;
				CURRENT_PROJECT_VERSION = 1;
				GENERATE_INFOPLIST_FILE = YES;
				IPHONEOS_DEPLOYMENT_TARGET = 15.2;
				MARKETING_VERSION = 1.0;
				PRODUCT_BUNDLE_IDENTIFIER = "Pelcastre.Columbus-DigitalTests";
				PRODUCT_NAME = "$(TARGET_NAME)";
				SWIFT_EMIT_LOC_STRINGS = NO;
				SWIFT_VERSION = 5.0;
				TARGETED_DEVICE_FAMILY = "1,2";
				TEST_HOST = "$(BUILT_PRODUCTS_DIR)/Columbus Digital.app/Columbus Digital";
			};
			name = Debug;
		};
		07FDBC1A281A367D00377CAF /* Release */ = {
			isa = XCBuildConfiguration;
			buildSettings = {
				ALWAYS_EMBED_SWIFT_STANDARD_LIBRARIES = YES;
				BUNDLE_LOADER = "$(TEST_HOST)";
				CODE_SIGN_STYLE = Automatic;
				CURRENT_PROJECT_VERSION = 1;
				GENERATE_INFOPLIST_FILE = YES;
				IPHONEOS_DEPLOYMENT_TARGET = 15.2;
				MARKETING_VERSION = 1.0;
				PRODUCT_BUNDLE_IDENTIFIER = "Pelcastre.Columbus-DigitalTests";
				PRODUCT_NAME = "$(TARGET_NAME)";
				SWIFT_EMIT_LOC_STRINGS = NO;
				SWIFT_VERSION = 5.0;
				TARGETED_DEVICE_FAMILY = "1,2";
				TEST_HOST = "$(BUILT_PRODUCTS_DIR)/Columbus Digital.app/Columbus Digital";
			};
			name = Release;
		};
		07FDBC1C281A367D00377CAF /* Debug */ = {
			isa = XCBuildConfiguration;
			buildSettings = {
				ALWAYS_EMBED_SWIFT_STANDARD_LIBRARIES = YES;
				CODE_SIGN_STYLE = Automatic;
				CURRENT_PROJECT_VERSION = 1;
				GENERATE_INFOPLIST_FILE = YES;
				MARKETING_VERSION = 1.0;
				PRODUCT_BUNDLE_IDENTIFIER = "Pelcastre.Columbus-DigitalUITests";
				PRODUCT_NAME = "$(TARGET_NAME)";
				SWIFT_EMIT_LOC_STRINGS = NO;
				SWIFT_VERSION = 5.0;
				TARGETED_DEVICE_FAMILY = "1,2";
				TEST_TARGET_NAME = "Columbus Digital";
			};
			name = Debug;
		};
		07FDBC1D281A367D00377CAF /* Release */ = {
			isa = XCBuildConfiguration;
			buildSettings = {
				ALWAYS_EMBED_SWIFT_STANDARD_LIBRARIES = YES;
				CODE_SIGN_STYLE = Automatic;
				CURRENT_PROJECT_VERSION = 1;
				GENERATE_INFOPLIST_FILE = YES;
				MARKETING_VERSION = 1.0;
				PRODUCT_BUNDLE_IDENTIFIER = "Pelcastre.Columbus-DigitalUITests";
				PRODUCT_NAME = "$(TARGET_NAME)";
				SWIFT_EMIT_LOC_STRINGS = NO;
				SWIFT_VERSION = 5.0;
				TARGETED_DEVICE_FAMILY = "1,2";
				TEST_TARGET_NAME = "Columbus Digital";
			};
			name = Release;
		};
/* End XCBuildConfiguration section */

/* Begin XCConfigurationList section */
		07FDBBE7281A367B00377CAF /* Build configuration list for PBXProject "Columbus Digital" */ = {
			isa = XCConfigurationList;
			buildConfigurations = (
				07FDBC13281A367D00377CAF /* Debug */,
				07FDBC14281A367D00377CAF /* Release */,
			);
			defaultConfigurationIsVisible = 0;
			defaultConfigurationName = Release;
		};
		07FDBC15281A367D00377CAF /* Build configuration list for PBXNativeTarget "Columbus Digital" */ = {
			isa = XCConfigurationList;
			buildConfigurations = (
				07FDBC16281A367D00377CAF /* Debug */,
				07FDBC17281A367D00377CAF /* Release */,
			);
			defaultConfigurationIsVisible = 0;
			defaultConfigurationName = Release;
		};
		07FDBC18281A367D00377CAF /* Build configuration list for PBXNativeTarget "Columbus DigitalTests" */ = {
			isa = XCConfigurationList;
			buildConfigurations = (
				07FDBC19281A367D00377CAF /* Debug */,
				07FDBC1A281A367D00377CAF /* Release */,
			);
			defaultConfigurationIsVisible = 0;
			defaultConfigurationName = Release;
		};
		07FDBC1B281A367D00377CAF /* Build configuration list for PBXNativeTarget "Columbus DigitalUITests" */ = {
			isa = XCConfigurationList;
			buildConfigurations = (
				07FDBC1C281A367D00377CAF /* Debug */,
				07FDBC1D281A367D00377CAF /* Release */,
			);
			defaultConfigurationIsVisible = 0;
			defaultConfigurationName = Release;
		};
/* End XCConfigurationList section */

/* Begin XCVersionGroup section */
		07FDBBFA281A367D00377CAF /* Columbus_Digital.xcdatamodeld */ = {
			isa = XCVersionGroup;
			children = (
				07FDBBFB281A367D00377CAF /* Columbus_Digital.xcdatamodel */,
			);
			currentVersion = 07FDBBFB281A367D00377CAF /* Columbus_Digital.xcdatamodel */;
			path = Columbus_Digital.xcdatamodeld;
			sourceTree = "<group>";
			versionGroupType = wrapper.xcdatamodel;
		};
/* End XCVersionGroup section */
	};
	rootObject = 07FDBBE4281A367B00377CAF /* Project object */;
}
